
Microsoft Visual Studio Solution File, Format Version 12.00
# Visual Studio 15
VisualStudioVersion = 15.0.28010.2019
MinimumVisualStudioVersion = 10.0.40219.1
Project("{FAE04EC0-301F-11D3-BF4B-00C04F79EFBC}") = "Cars", "Cars\Cars.csproj", "{BC5CC075-C3EF-4CA3-8692-D0132AA7F0CF}"
EndProject
Global
	GlobalSection(SolutionConfigurationPlatforms) = preSolution
		Debug|Any CPU = Debug|Any CPU
		Release|Any CPU = Release|Any CPU
	EndGlobalSection
	GlobalSection(ProjectConfigurationPlatforms) = postSolution
		{BC5CC075-C3EF-4CA3-8692-D0132AA7F0CF}.Debug|Any CPU.ActiveCfg = Debug|Any CPU
		{BC5CC075-C3EF-4CA3-8692-D0132AA7F0CF}.Debug|Any CPU.Build.0 = Debug|Any CPU
		{BC5CC075-C3EF-4CA3-8692-D0132AA7F0CF}.Release|Any CPU.ActiveCfg = Release|Any CPU
		{BC5CC075-C3EF-4CA3-8692-D0132AA7F0CF}.Release|Any CPU.Build.0 = Release|Any CPU
	EndGlobalSection
	GlobalSection(SolutionProperties) = preSolution
		HideSolutionNode = FALSE
	EndGlobalSection
	GlobalSection(ExtensibilityGlobals) = postSolution
		SolutionGuid = {DCF75475-093F-45A6-AB3E-43A97CDE1E2D}
	EndGlobalSection
EndGlobal
